// !$*UTF8*$!
{
	archiveVersion = 1;
	classes = {
	};
	objectVersion = 50;
	objects = {

/* Begin PBXBuildFile section */
		FD5AB2F82353C4F600832280 /* AppDelegate.swift in Sources */ = {isa = PBXBuildFile; fileRef = FD5AB2F72353C4F600832280 /* AppDelegate.swift */; };
		FD5AB2FA2353C4F600832280 /* SceneDelegate.swift in Sources */ = {isa = PBXBuildFile; fileRef = FD5AB2F92353C4F600832280 /* SceneDelegate.swift */; };
		FD5AB2FC2353C4F600832280 /* ViewController.swift in Sources */ = {isa = PBXBuildFile; fileRef = FD5AB2FB2353C4F600832280 /* ViewController.swift */; };
		FD5AB2FF2353C4F600832280 /* Main.storyboard in Resources */ = {isa = PBXBuildFile; fileRef = FD5AB2FD2353C4F600832280 /* Main.storyboard */; };
		FD5AB3012353C4F800832280 /* Assets.xcassets in Resources */ = {isa = PBXBuildFile; fileRef = FD5AB3002353C4F800832280 /* Assets.xcassets */; };
		FD5AB3042353C4F800832280 /* LaunchScreen.storyboard in Resources */ = {isa = PBXBuildFile; fileRef = FD5AB3022353C4F800832280 /* LaunchScreen.storyboard */; };
		FD5AB30F2353C4F800832280 /* EZPrototypeTests.swift in Sources */ = {isa = PBXBuildFile; fileRef = FD5AB30E2353C4F800832280 /* EZPrototypeTests.swift */; };
		FD5AB31A2353C4F800832280 /* EZPrototypeUITests.swift in Sources */ = {isa = PBXBuildFile; fileRef = FD5AB3192353C4F800832280 /* EZPrototypeUITests.swift */; };
/* End PBXBuildFile section */

/* Begin PBXContainerItemProxy section */
		FD5AB30B2353C4F800832280 /* PBXContainerItemProxy */ = {
			isa = PBXContainerItemProxy;
			containerPortal = FD5AB2EC2353C4F500832280 /* Project object */;
			proxyType = 1;
			remoteGlobalIDString = FD5AB2F32353C4F500832280;
			remoteInfo = EZPrototype;
		};
		FD5AB3162353C4F800832280 /* PBXContainerItemProxy */ = {
			isa = PBXContainerItemProxy;
			containerPortal = FD5AB2EC2353C4F500832280 /* Project object */;
			proxyType = 1;
			remoteGlobalIDString = FD5AB2F32353C4F500832280;
			remoteInfo = EZPrototype;
		};
/* End PBXContainerItemProxy section */

/* Begin PBXFileReference section */
		FD5AB2F42353C4F500832280 /* EZPrototype.app */ = {isa = PBXFileReference; explicitFileType = wrapper.application; includeInIndex = 0; path = EZPrototype.app; sourceTree = BUILT_PRODUCTS_DIR; };
		FD5AB2F72353C4F600832280 /* AppDelegate.swift */ = {isa = PBXFileReference; lastKnownFileType = sourcecode.swift; path = AppDelegate.swift; sourceTree = "<group>"; };
		FD5AB2F92353C4F600832280 /* SceneDelegate.swift */ = {isa = PBXFileReference; lastKnownFileType = sourcecode.swift; path = SceneDelegate.swift; sourceTree = "<group>"; };
		FD5AB2FB2353C4F600832280 /* ViewController.swift */ = {isa = PBXFileReference; lastKnownFileType = sourcecode.swift; path = ViewController.swift; sourceTree = "<group>"; };
		FD5AB2FE2353C4F600832280 /* Base */ = {isa = PBXFileReference; lastKnownFileType = file.storyboard; name = Base; path = Base.lproj/Main.storyboard; sourceTree = "<group>"; };
		FD5AB3002353C4F800832280 /* Assets.xcassets */ = {isa = PBXFileReference; lastKnownFileType = folder.assetcatalog; path = Assets.xcassets; sourceTree = "<group>"; };
		FD5AB3032353C4F800832280 /* Base */ = {isa = PBXFileReference; lastKnownFileType = file.storyboard; name = Base; path = Base.lproj/LaunchScreen.storyboard; sourceTree = "<group>"; };
		FD5AB3052353C4F800832280 /* Info.plist */ = {isa = PBXFileReference; lastKnownFileType = text.plist.xml; path = Info.plist; sourceTree = "<group>"; };
		FD5AB30A2353C4F800832280 /* EZPrototypeTests.xctest */ = {isa = PBXFileReference; explicitFileType = wrapper.cfbundle; includeInIndex = 0; path = EZPrototypeTests.xctest; sourceTree = BUILT_PRODUCTS_DIR; };
		FD5AB30E2353C4F800832280 /* EZPrototypeTests.swift */ = {isa = PBXFileReference; lastKnownFileType = sourcecode.swift; path = EZPrototypeTests.swift; sourceTree = "<group>"; };
		FD5AB3102353C4F800832280 /* Info.plist */ = {isa = PBXFileReference; lastKnownFileType = text.plist.xml; path = Info.plist; sourceTree = "<group>"; };
		FD5AB3152353C4F800832280 /* EZPrototypeUITests.xctest */ = {isa = PBXFileReference; explicitFileType = wrapper.cfbundle; includeInIndex = 0; path = EZPrototypeUITests.xctest; sourceTree = BUILT_PRODUCTS_DIR; };
		FD5AB3192353C4F800832280 /* EZPrototypeUITests.swift */ = {isa = PBXFileReference; lastKnownFileType = sourcecode.swift; path = EZPrototypeUITests.swift; sourceTree = "<group>"; };
		FD5AB31B2353C4F800832280 /* Info.plist */ = {isa = PBXFileReference; lastKnownFileType = text.plist.xml; path = Info.plist; sourceTree = "<group>"; };
/* End PBXFileReference section */

/* Begin PBXFrameworksBuildPhase section */
		FD5AB2F12353C4F500832280 /* Frameworks */ = {
			isa = PBXFrameworksBuildPhase;
			buildActionMask = 2147483647;
			files = (
			);
			runOnlyForDeploymentPostprocessing = 0;
		};
		FD5AB3072353C4F800832280 /* Frameworks */ = {
			isa = PBXFrameworksBuildPhase;
			buildActionMask = 2147483647;
			files = (
			);
			runOnlyForDeploymentPostprocessing = 0;
		};
		FD5AB3122353C4F800832280 /* Frameworks */ = {
			isa = PBXFrameworksBuildPhase;
			buildActionMask = 2147483647;
			files = (
			);
			runOnlyForDeploymentPostprocessing = 0;
		};
/* End PBXFrameworksBuildPhase section */

/* Begin PBXGroup section */
		FD5AB2EB2353C4F500832280 = {
			isa = PBXGroup;
			children = (
				FD5AB2F62353C4F600832280 /* EZPrototype */,
				FD5AB30D2353C4F800832280 /* EZPrototypeTests */,
				FD5AB3182353C4F800832280 /* EZPrototypeUITests */,
				FD5AB2F52353C4F600832280 /* Products */,
			);
			sourceTree = "<group>";
		};
		FD5AB2F52353C4F600832280 /* Products */ = {
			isa = PBXGroup;
			children = (
				FD5AB2F42353C4F500832280 /* EZPrototype.app */,
				FD5AB30A2353C4F800832280 /* EZPrototypeTests.xctest */,
				FD5AB3152353C4F800832280 /* EZPrototypeUITests.xctest */,
			);
			name = Products;
			sourceTree = "<group>";
		};
		FD5AB2F62353C4F600832280 /* EZPrototype */ = {
			isa = PBXGroup;
			children = (
				FD5AB2F72353C4F600832280 /* AppDelegate.swift */,
				FD5AB2F92353C4F600832280 /* SceneDelegate.swift */,
				FD5AB2FB2353C4F600832280 /* ViewController.swift */,
				FD5AB2FD2353C4F600832280 /* Main.storyboard */,
				FD5AB3002353C4F800832280 /* Assets.xcassets */,
				FD5AB3022353C4F800832280 /* LaunchScreen.storyboard */,
				FD5AB3052353C4F800832280 /* Info.plist */,
			);
			path = EZPrototype;
			sourceTree = "<group>";
		};
		FD5AB30D2353C4F800832280 /* EZPrototypeTests */ = {
			isa = PBXGroup;
			children = (
				FD5AB30E2353C4F800832280 /* EZPrototypeTests.swift */,
				FD5AB3102353C4F800832280 /* Info.plist */,
			);
			path = EZPrototypeTests;
			sourceTree = "<group>";
		};
		FD5AB3182353C4F800832280 /* EZPrototypeUITests */ = {
			isa = PBXGroup;
			children = (
				FD5AB3192353C4F800832280 /* EZPrototypeUITests.swift */,
				FD5AB31B2353C4F800832280 /* Info.plist */,
			);
			path = EZPrototypeUITests;
			sourceTree = "<group>";
		};
/* End PBXGroup section */

/* Begin PBXNativeTarget section */
		FD5AB2F32353C4F500832280 /* EZPrototype */ = {
			isa = PBXNativeTarget;
			buildConfigurationList = FD5AB31E2353C4F800832280 /* Build configuration list for PBXNativeTarget "EZPrototype" */;
			buildPhases = (
				FD5AB2F02353C4F500832280 /* Sources */,
				FD5AB2F12353C4F500832280 /* Frameworks */,
				FD5AB2F22353C4F500832280 /* Resources */,
			);
			buildRules = (
			);
			dependencies = (
			);
			name = EZPrototype;
			productName = EZPrototype;
			productReference = FD5AB2F42353C4F500832280 /* EZPrototype.app */;
			productType = "com.apple.product-type.application";
		};
		FD5AB3092353C4F800832280 /* EZPrototypeTests */ = {
			isa = PBXNativeTarget;
			buildConfigurationList = FD5AB3212353C4F800832280 /* Build configuration list for PBXNativeTarget "EZPrototypeTests" */;
			buildPhases = (
				FD5AB3062353C4F800832280 /* Sources */,
				FD5AB3072353C4F800832280 /* Frameworks */,
				FD5AB3082353C4F800832280 /* Resources */,
			);
			buildRules = (
			);
			dependencies = (
				FD5AB30C2353C4F800832280 /* PBXTargetDependency */,
			);
			name = EZPrototypeTests;
			productName = EZPrototypeTests;
			productReference = FD5AB30A2353C4F800832280 /* EZPrototypeTests.xctest */;
			productType = "com.apple.product-type.bundle.unit-test";
		};
		FD5AB3142353C4F800832280 /* EZPrototypeUITests */ = {
			isa = PBXNativeTarget;
			buildConfigurationList = FD5AB3242353C4F800832280 /* Build configuration list for PBXNativeTarget "EZPrototypeUITests" */;
			buildPhases = (
				FD5AB3112353C4F800832280 /* Sources */,
				FD5AB3122353C4F800832280 /* Frameworks */,
				FD5AB3132353C4F800832280 /* Resources */,
			);
			buildRules = (
			);
			dependencies = (
				FD5AB3172353C4F800832280 /* PBXTargetDependency */,
			);
			name = EZPrototypeUITests;
			productName = EZPrototypeUITests;
			productReference = FD5AB3152353C4F800832280 /* EZPrototypeUITests.xctest */;
			productType = "com.apple.product-type.bundle.ui-testing";
		};
/* End PBXNativeTarget section */

/* Begin PBXProject section */
		FD5AB2EC2353C4F500832280 /* Project object */ = {
			isa = PBXProject;
			attributes = {
				LastSwiftUpdateCheck = 1100;
				LastUpgradeCheck = 1100;
				ORGANIZATIONNAME = "Kaleb Riley";
				TargetAttributes = {
					FD5AB2F32353C4F500832280 = {
						CreatedOnToolsVersion = 11.0;
					};
					FD5AB3092353C4F800832280 = {
						CreatedOnToolsVersion = 11.0;
						TestTargetID = FD5AB2F32353C4F500832280;
					};
					FD5AB3142353C4F800832280 = {
						CreatedOnToolsVersion = 11.0;
						TestTargetID = FD5AB2F32353C4F500832280;
					};
				};
			};
			buildConfigurationList = FD5AB2EF2353C4F500832280 /* Build configuration list for PBXProject "EZPrototype" */;
			compatibilityVersion = "Xcode 9.3";
			developmentRegion = en;
			hasScannedForEncodings = 0;
			knownRegions = (
				en,
				Base,
			);
			mainGroup = FD5AB2EB2353C4F500832280;
			productRefGroup = FD5AB2F52353C4F600832280 /* Products */;
			projectDirPath = "";
			projectRoot = "";
			targets = (
				FD5AB2F32353C4F500832280 /* EZPrototype */,
				FD5AB3092353C4F800832280 /* EZPrototypeTests */,
				FD5AB3142353C4F800832280 /* EZPrototypeUITests */,
			);
		};
/* End PBXProject section */

/* Begin PBXResourcesBuildPhase section */
		FD5AB2F22353C4F500832280 /* Resources */ = {
			isa = PBXResourcesBuildPhase;
			buildActionMask = 2147483647;
			files = (
				FD5AB3042353C4F800832280 /* LaunchScreen.storyboard in Resources */,
				FD5AB3012353C4F800832280 /* Assets.xcassets in Resources */,
				FD5AB2FF2353C4F600832280 /* Main.storyboard in Resources */,
			);
			runOnlyForDeploymentPostprocessing = 0;
		};
		FD5AB3082353C4F800832280 /* Resources */ = {
			isa = PBXResourcesBuildPhase;
			buildActionMask = 2147483647;
			files = (
			);
			runOnlyForDeploymentPostprocessing = 0;
		};
		FD5AB3132353C4F800832280 /* Resources */ = {
			isa = PBXResourcesBuildPhase;
			buildActionMask = 2147483647;
			files = (
			);
			runOnlyForDeploymentPostprocessing = 0;
		};
/* End PBXResourcesBuildPhase section */

/* Begin PBXSourcesBuildPhase section */
		FD5AB2F02353C4F500832280 /* Sources */ = {
			isa = PBXSourcesBuildPhase;
			buildActionMask = 2147483647;
			files = (
				FD5AB2FC2353C4F600832280 /* ViewController.swift in Sources */,
				FD5AB2F82353C4F600832280 /* AppDelegate.swift in Sources */,
				FD5AB2FA2353C4F600832280 /* SceneDelegate.swift in Sources */,
			);
			runOnlyForDeploymentPostprocessing = 0;
		};
		FD5AB3062353C4F800832280 /* Sources */ = {
			isa = PBXSourcesBuildPhase;
			buildActionMask = 2147483647;
			files = (
				FD5AB30F2353C4F800832280 /* EZPrototypeTests.swift in Sources */,
			);
			runOnlyForDeploymentPostprocessing = 0;
		};
		FD5AB3112353C4F800832280 /* Sources */ = {
			isa = PBXSourcesBuildPhase;
			buildActionMask = 2147483647;
			files = (
				FD5AB31A2353C4F800832280 /* EZPrototypeUITests.swift in Sources */,
			);
			runOnlyForDeploymentPostprocessing = 0;
		};
/* End PBXSourcesBuildPhase section */

/* Begin PBXTargetDependency section */
		FD5AB30C2353C4F800832280 /* PBXTargetDependency */ = {
			isa = PBXTargetDependency;
			target = FD5AB2F32353C4F500832280 /* EZPrototype */;
			targetProxy = FD5AB30B2353C4F800832280 /* PBXContainerItemProxy */;
		};
		FD5AB3172353C4F800832280 /* PBXTargetDependency */ = {
			isa = PBXTargetDependency;
			target = FD5AB2F32353C4F500832280 /* EZPrototype */;
			targetProxy = FD5AB3162353C4F800832280 /* PBXContainerItemProxy */;
		};
/* End PBXTargetDependency section */

/* Begin PBXVariantGroup section */
		FD5AB2FD2353C4F600832280 /* Main.storyboard */ = {
			isa = PBXVariantGroup;
			children = (
				FD5AB2FE2353C4F600832280 /* Base */,
			);
			name = Main.storyboard;
			sourceTree = "<group>";
		};
		FD5AB3022353C4F800832280 /* LaunchScreen.storyboard */ = {
			isa = PBXVariantGroup;
			children = (
				FD5AB3032353C4F800832280 /* Base */,
			);
			name = LaunchScreen.storyboard;
			sourceTree = "<group>";
		};
/* End PBXVariantGroup section */

/* Begin XCBuildConfiguration section */
		FD5AB31C2353C4F800832280 /* Debug */ = {
			isa = XCBuildConfiguration;
			buildSettings = {
				ALWAYS_SEARCH_USER_PATHS = NO;
				CLANG_ANALYZER_NONNULL = YES;
				CLANG_ANALYZER_NUMBER_OBJECT_CONVERSION = YES_AGGRESSIVE;
				CLANG_CXX_LANGUAGE_STANDARD = "gnu++14";
				CLANG_CXX_LIBRARY = "libc++";
				CLANG_ENABLE_MODULES = YES;
				CLANG_ENABLE_OBJC_ARC = YES;
				CLANG_ENABLE_OBJC_WEAK = YES;
				CLANG_WARN_BLOCK_CAPTURE_AUTORELEASING = YES;
				CLANG_WARN_BOOL_CONVERSION = YES;
				CLANG_WARN_COMMA = YES;
				CLANG_WARN_CONSTANT_CONVERSION = YES;
				CLANG_WARN_DEPRECATED_OBJC_IMPLEMENTATIONS = YES;
				CLANG_WARN_DIRECT_OBJC_ISA_USAGE = YES_ERROR;
				CLANG_WARN_DOCUMENTATION_COMMENTS = YES;
				CLANG_WARN_EMPTY_BODY = YES;
				CLANG_WARN_ENUM_CONVERSION = YES;
				CLANG_WARN_INFINITE_RECURSION = YES;
				CLANG_WARN_INT_CONVERSION = YES;
				CLANG_WARN_NON_LITERAL_NULL_CONVERSION = YES;
				CLANG_WARN_OBJC_IMPLICIT_RETAIN_SELF = YES;
				CLANG_WARN_OBJC_LITERAL_CONVERSION = YES;
				CLANG_WARN_OBJC_ROOT_CLASS = YES_ERROR;
				CLANG_WARN_RANGE_LOOP_ANALYSIS = YES;
				CLANG_WARN_STRICT_PROTOTYPES = YES;
				CLANG_WARN_SUSPICIOUS_MOVE = YES;
				CLANG_WARN_UNGUARDED_AVAILABILITY = YES_AGGRESSIVE;
				CLANG_WARN_UNREACHABLE_CODE = YES;
				CLANG_WARN__DUPLICATE_METHOD_MATCH = YES;
				COPY_PHASE_STRIP = NO;
				DEBUG_INFORMATION_FORMAT = dwarf;
				ENABLE_STRICT_OBJC_MSGSEND = YES;
				ENABLE_TESTABILITY = YES;
				GCC_C_LANGUAGE_STANDARD = gnu11;
				GCC_DYNAMIC_NO_PIC = NO;
				GCC_NO_COMMON_BLOCKS = YES;
				GCC_OPTIMIZATION_LEVEL = 0;
				GCC_PREPROCESSOR_DEFINITIONS = (
					"DEBUG=1",
					"$(inherited)",
				);
				GCC_WARN_64_TO_32_BIT_CONVERSION = YES;
				GCC_WARN_ABOUT_RETURN_TYPE = YES_ERROR;
				GCC_WARN_UNDECLARED_SELECTOR = YES;
				GCC_WARN_UNINITIALIZED_AUTOS = YES_AGGRESSIVE;
				GCC_WARN_UNUSED_FUNCTION = YES;
				GCC_WARN_UNUSED_VARIABLE = YES;
				IPHONEOS_DEPLOYMENT_TARGET = 13.0;
				MTL_ENABLE_DEBUG_INFO = INCLUDE_SOURCE;
				MTL_FAST_MATH = YES;
				ONLY_ACTIVE_ARCH = YES;
				SDKROOT = iphoneos;
				SWIFT_ACTIVE_COMPILATION_CONDITIONS = DEBUG;
				SWIFT_OPTIMIZATION_LEVEL = "-Onone";
			};
			name = Debug;
		};
		FD5AB31D2353C4F800832280 /* Release */ = {
			isa = XCBuildConfiguration;
			buildSettings = {
				ALWAYS_SEARCH_USER_PATHS = NO;
				CLANG_ANALYZER_NONNULL = YES;
				CLANG_ANALYZER_NUMBER_OBJECT_CONVERSION = YES_AGGRESSIVE;
				CLANG_CXX_LANGUAGE_STANDARD = "gnu++14";
				CLANG_CXX_LIBRARY = "libc++";
				CLANG_ENABLE_MODULES = YES;
				CLANG_ENABLE_OBJC_ARC = YES;
				CLANG_ENABLE_OBJC_WEAK = YES;
				CLANG_WARN_BLOCK_CAPTURE_AUTORELEASING = YES;
				CLANG_WARN_BOOL_CONVERSION = YES;
				CLANG_WARN_COMMA = YES;
				CLANG_WARN_CONSTANT_CONVERSION = YES;
				CLANG_WARN_DEPRECATED_OBJC_IMPLEMENTATIONS = YES;
				CLANG_WARN_DIRECT_OBJC_ISA_USAGE = YES_ERROR;
				CLANG_WARN_DOCUMENTATION_COMMENTS = YES;
				CLANG_WARN_EMPTY_BODY = YES;
				CLANG_WARN_ENUM_CONVERSION = YES;
				CLANG_WARN_INFINITE_RECURSION = YES;
				CLANG_WARN_INT_CONVERSION = YES;
				CLANG_WARN_NON_LITERAL_NULL_CONVERSION = YES;
				CLANG_WARN_OBJC_IMPLICIT_RETAIN_SELF = YES;
				CLANG_WARN_OBJC_LITERAL_CONVERSION = YES;
				CLANG_WARN_OBJC_ROOT_CLASS = YES_ERROR;
				CLANG_WARN_RANGE_LOOP_ANALYSIS = YES;
				CLANG_WARN_STRICT_PROTOTYPES = YES;
				CLANG_WARN_SUSPICIOUS_MOVE = YES;
				CLANG_WARN_UNGUARDED_AVAILABILITY = YES_AGGRESSIVE;
				CLANG_WARN_UNREACHABLE_CODE = YES;
				CLANG_WARN__DUPLICATE_METHOD_MATCH = YES;
				COPY_PHASE_STRIP = NO;
				DEBUG_INFORMATION_FORMAT = "dwarf-with-dsym";
				ENABLE_NS_ASSERTIONS = NO;
				ENABLE_STRICT_OBJC_MSGSEND = YES;
				GCC_C_LANGUAGE_STANDARD = gnu11;
				GCC_NO_COMMON_BLOCKS = YES;
				GCC_WARN_64_TO_32_BIT_CONVERSION = YES;
				GCC_WARN_ABOUT_RETURN_TYPE = YES_ERROR;
				GCC_WARN_UNDECLARED_SELECTOR = YES;
				GCC_WARN_UNINITIALIZED_AUTOS = YES_AGGRESSIVE;
				GCC_WARN_UNUSED_FUNCTION = YES;
				GCC_WARN_UNUSED_VARIABLE = YES;
				IPHONEOS_DEPLOYMENT_TARGET = 13.0;
				MTL_ENABLE_DEBUG_INFO = NO;
				MTL_FAST_MATH = YES;
				SDKROOT = iphoneos;
				SWIFT_COMPILATION_MODE = wholemodule;
				SWIFT_OPTIMIZATION_LEVEL = "-O";
				VALIDATE_PRODUCT = YES;
			};
			name = Release;
		};
		FD5AB31F2353C4F800832280 /* Debug */ = {
			isa = XCBuildConfiguration;
			buildSettings = {
				ASSETCATALOG_COMPILER_APPICON_NAME = AppIcon;
				CODE_SIGN_STYLE = Automatic;
				DEVELOPMENT_TEAM = 6867ZL5UV8;
				INFOPLIST_FILE = EZPrototype/Info.plist;
				LD_RUNPATH_SEARCH_PATHS = (
					"$(inherited)",
					"@executable_path/Frameworks",
				);
				PRODUCT_BUNDLE_IDENTIFIER = io.tyko9.EZPrototype;
				PRODUCT_NAME = "$(TARGET_NAME)";
				SWIFT_VERSION = 5.0;
				TARGETED_DEVICE_FAMILY = "1,2";
			};
			name = Debug;
		};
		FD5AB3202353C4F800832280 /* Release */ = {
			isa = XCBuildConfiguration;
			buildSettings = {
				ASSETCATALOG_COMPILER_APPICON_NAME = AppIcon;
				CODE_SIGN_STYLE = Automatic;
				DEVELOPMENT_TEAM = 6867ZL5UV8;
				INFOPLIST_FILE = EZPrototype/Info.plist;
				LD_RUNPATH_SEARCH_PATHS = (
					"$(inherited)",
					"@executable_path/Frameworks",
				);
				PRODUCT_BUNDLE_IDENTIFIER = io.tyko9.EZPrototype;
				PRODUCT_NAME = "$(TARGET_NAME)";
				SWIFT_VERSION = 5.0;
				TARGETED_DEVICE_FAMILY = "1,2";
			};
			name = Release;
		};
		FD5AB3222353C4F800832280 /* Debug */ = {
			isa = XCBuildConfiguration;
			buildSettings = {
				ALWAYS_EMBED_SWIFT_STANDARD_LIBRARIES = YES;
				BUNDLE_LOADER = "$(TEST_HOST)";
				CODE_SIGN_STYLE = Automatic;
				DEVELOPMENT_TEAM = 6867ZL5UV8;
				INFOPLIST_FILE = EZPrototypeTests/Info.plist;
				IPHONEOS_DEPLOYMENT_TARGET = 13.0;
				LD_RUNPATH_SEARCH_PATHS = (
					"$(inherited)",
					"@executable_path/Frameworks",
					"@loader_path/Frameworks",
				);
				PRODUCT_BUNDLE_IDENTIFIER = io.tyko9.EZPrototypeTests;
				PRODUCT_NAME = "$(TARGET_NAME)";
				SWIFT_VERSION = 5.0;
				TARGETED_DEVICE_FAMILY = "1,2";
				TEST_HOST = "$(BUILT_PRODUCTS_DIR)/EZPrototype.app/EZPrototype";
			};
			name = Debug;
		};
		FD5AB3232353C4F800832280 /* Release */ = {
			isa = XCBuildConfiguration;
			buildSettings = {
				ALWAYS_EMBED_SWIFT_STANDARD_LIBRARIES = YES;
				BUNDLE_LOADER = "$(TEST_HOST)";
				CODE_SIGN_STYLE = Automatic;
				DEVELOPMENT_TEAM = 6867ZL5UV8;
				INFOPLIST_FILE = EZPrototypeTests/Info.plist;
				IPHONEOS_DEPLOYMENT_TARGET = 13.0;
				LD_RUNPATH_SEARCH_PATHS = (
					"$(inherited)",
					"@executable_path/Frameworks",
					"@loader_path/Frameworks",
				);
				PRODUCT_BUNDLE_IDENTIFIER = io.tyko9.EZPrototypeTests;
				PRODUCT_NAME = "$(TARGET_NAME)";
				SWIFT_VERSION = 5.0;
				TARGETED_DEVICE_FAMILY = "1,2";
				TEST_HOST = "$(BUILT_PRODUCTS_DIR)/EZPrototype.app/EZPrototype";
			};
			name = Release;
		};
		FD5AB3252353C4F800832280 /* Debug */ = {
			isa = XCBuildConfiguration;
			buildSettings = {
				ALWAYS_EMBED_SWIFT_STANDARD_LIBRARIES = YES;
				CODE_SIGN_STYLE = Automatic;
				DEVELOPMENT_TEAM = 6867ZL5UV8;
				INFOPLIST_FILE = EZPrototypeUITests/Info.plist;
				LD_RUNPATH_SEARCH_PATHS = (
					"$(inherited)",
					"@executable_path/Frameworks",
					"@loader_path/Frameworks",
				);
				PRODUCT_BUNDLE_IDENTIFIER = io.tyko9.EZPrototypeUITests;
				PRODUCT_NAME = "$(TARGET_NAME)";
				SWIFT_VERSION = 5.0;
				TARGETED_DEVICE_FAMILY = "1,2";
				TEST_TARGET_NAME = EZPrototype;
			};
			name = Debug;
		};
		FD5AB3262353C4F800832280 /* Release */ = {
			isa = XCBuildConfiguration;
			buildSettings = {
				ALWAYS_EMBED_SWIFT_STANDARD_LIBRARIES = YES;
				CODE_SIGN_STYLE = Automatic;
				DEVELOPMENT_TEAM = 6867ZL5UV8;
				INFOPLIST_FILE = EZPrototypeUITests/Info.plist;
				LD_RUNPATH_SEARCH_PATHS = (
					"$(inherited)",
					"@executable_path/Frameworks",
					"@loader_path/Frameworks",
				);
				PRODUCT_BUNDLE_IDENTIFIER = io.tyko9.EZPrototypeUITests;
				PRODUCT_NAME = "$(TARGET_NAME)";
				SWIFT_VERSION = 5.0;
				TARGETED_DEVICE_FAMILY = "1,2";
				TEST_TARGET_NAME = EZPrototype;
			};
			name = Release;
		};
/* End XCBuildConfiguration section */

/* Begin XCConfigurationList section */
		FD5AB2EF2353C4F500832280 /* Build configuration list for PBXProject "EZPrototype" */ = {
			isa = XCConfigurationList;
			buildConfigurations = (
				FD5AB31C2353C4F800832280 /* Debug */,
				FD5AB31D2353C4F800832280 /* Release */,
			);
			defaultConfigurationIsVisible = 0;
			defaultConfigurationName = Release;
		};
		FD5AB31E2353C4F800832280 /* Build configuration list for PBXNativeTarget "EZPrototype" */ = {
			isa = XCConfigurationList;
			buildConfigurations = (
				FD5AB31F2353C4F800832280 /* Debug */,
				FD5AB3202353C4F800832280 /* Release */,
			);
			defaultConfigurationIsVisible = 0;
			defaultConfigurationName = Release;
		};
		FD5AB3212353C4F800832280 /* Build configuration list for PBXNativeTarget "EZPrototypeTests" */ = {
			isa = XCConfigurationList;
			buildConfigurations = (
				FD5AB3222353C4F800832280 /* Debug */,
				FD5AB3232353C4F800832280 /* Release */,
			);
			defaultConfigurationIsVisible = 0;
			defaultConfigurationName = Release;
		};
		FD5AB3242353C4F800832280 /* Build configuration list for PBXNativeTarget "EZPrototypeUITests" */ = {
			isa = XCConfigurationList;
			buildConfigurations = (
				FD5AB3252353C4F800832280 /* Debug */,
				FD5AB3262353C4F800832280 /* Release */,
			);
			defaultConfigurationIsVisible = 0;
			defaultConfigurationName = Release;
		};
/* End XCConfigurationList section */
	};
	rootObject = FD5AB2EC2353C4F500832280 /* Project object */;
}
